
Microsoft Visual Studio Solution File, Format Version 12.00
# Visual Studio 14
VisualStudioVersion = 14.0.23107.0
MinimumVisualStudioVersion = 10.0.40219.1
Project("{FAE04EC0-301F-11D3-BF4B-00C04F79EFBC}") = "CardsApp", "CardsApp\CardsApp.csproj", "{97DFFDCE-44E1-43C4-B19D-577DA6B8230A}"
EndProject
Project("{FAE04EC0-301F-11D3-BF4B-00C04F79EFBC}") = "FiveCardSelector", "FiveCardSelector\FiveCardSelector.csproj", "{8C0FF8E4-10FE-4C51-A3DD-95C20DD0A4D7}"
EndProject
Global
	GlobalSection(SolutionConfigurationPlatforms) = preSolution
		Debug|Any CPU = Debug|Any CPU
		Release|Any CPU = Release|Any CPU
	EndGlobalSection
	GlobalSection(ProjectConfigurationPlatforms) = postSolution
		{97DFFDCE-44E1-43C4-B19D-577DA6B8230A}.Debug|Any CPU.ActiveCfg = Debug|Any CPU
		{97DFFDCE-44E1-43C4-B19D-577DA6B8230A}.Debug|Any CPU.Build.0 = Debug|Any CPU
		{97DFFDCE-44E1-43C4-B19D-577DA6B8230A}.Release|Any CPU.ActiveCfg = Release|Any CPU
		{97DFFDCE-44E1-43C4-B19D-577DA6B8230A}.Release|Any CPU.Build.0 = Release|Any CPU
		{8C0FF8E4-10FE-4C51-A3DD-95C20DD0A4D7}.Debug|Any CPU.ActiveCfg = Debug|Any CPU
		{8C0FF8E4-10FE-4C51-A3DD-95C20DD0A4D7}.Debug|Any CPU.Build.0 = Debug|Any CPU
		{8C0FF8E4-10FE-4C51-A3DD-95C20DD0A4D7}.Release|Any CPU.ActiveCfg = Release|Any CPU
		{8C0FF8E4-10FE-4C51-A3DD-95C20DD0A4D7}.Release|Any CPU.Build.0 = Release|Any CPU
	EndGlobalSection
	GlobalSection(SolutionProperties) = preSolution
		HideSolutionNode = FALSE
	EndGlobalSection
EndGlobal
